{
  "requires": true,
  "lockfileVersion": 1,
  "dependencies": {
    "astroud-palindrome": {
      "version": "0.1.0",
      "resolved": "https://registry.npmjs.org/astroud-palindrome/-/astroud-palindrome-0.1.0.tgz",
      "integrity": "sha512-k9a9qDyu9CQ5Enen06y/ADmMWOP6MZrS9stlmuL8OUhaCCyTR6xi7yFRw519p8Z+sbj4J5/+7rTOHU1onQBtZA=="
    }
  }
}
