{
  "requires": true,
  "lockfileVersion": 1,
  "dependencies": {
    "astroud-palindrome": {
      "version": "0.1.1",
      "resolved": "https://registry.npmjs.org/astroud-palindrome/-/astroud-palindrome-0.1.1.tgz",
      "integrity": "sha512-bz3jAH25iS9sQL4x+FTowMP2fgyu9+8jLiGyFyFxmwoufgtsNaRicRhdmvZsr3oxaEqPw7rzFsoAkNWJkf6iEg=="
    }
  }
}
