{
  "requires": true,
  "lockfileVersion": 2,
  "dependencies": {
    "astroud-palindrome": {
      "version": "0.1.2",
      "resolved": "https://registry.npmjs.org/astroud-palindrome/-/astroud-palindrome-0.1.2.tgz",
      "integrity": "sha512-v6yVaIeGOzfDzYPP0T2Z5AkQ/L/FwDr8ZaQ6bS8LMQlEu0Xw+mKB+flkwA73iRLp17e2nOVOG1oKMbK0VvlRGA=="
    }
  }
}